
Microsoft Visual Studio Solution File, Format Version 12.00
# Visual Studio Version 17
VisualStudioVersion = 17.1.32407.343
MinimumVisualStudioVersion = 10.0.40219.1
Project("{FAE04EC0-301F-11D3-BF4B-00C04F79EFBC}") = "GridWithCommandBindingWpfApp", "GridWithCommandBindingWpfApp\GridWithCommandBindingWpfApp.csproj", "{4EF8413B-16C5-4269-9F98-F125E7D12733}"
EndProject
Global
	GlobalSection(SolutionConfigurationPlatforms) = preSolution
		Debug|Any CPU = Debug|Any CPU
		Release|Any CPU = Release|Any CPU
	EndGlobalSection
	GlobalSection(ProjectConfigurationPlatforms) = postSolution
		{4EF8413B-16C5-4269-9F98-F125E7D12733}.Debug|Any CPU.ActiveCfg = Debug|Any CPU
		{4EF8413B-16C5-4269-9F98-F125E7D12733}.Debug|Any CPU.Build.0 = Debug|Any CPU
		{4EF8413B-16C5-4269-9F98-F125E7D12733}.Release|Any CPU.ActiveCfg = Release|Any CPU
		{4EF8413B-16C5-4269-9F98-F125E7D12733}.Release|Any CPU.Build.0 = Release|Any CPU
	EndGlobalSection
	GlobalSection(SolutionProperties) = preSolution
		HideSolutionNode = FALSE
	EndGlobalSection
	GlobalSection(ExtensibilityGlobals) = postSolution
		SolutionGuid = {277D1A65-9E32-4F78-95A7-F7F4914B80A0}
	EndGlobalSection
EndGlobal
